# This file is automatically @generated by Cargo.
# It is not intended for manual editing.
version = 4

[[package]]
name = "libra-governor-cli"
version = "0.0.0"

[[package]]
name = "libra-governor-daemon"
version = "0.0.0"

[[package]]
name = "libra-governor-domain"
version = "0.0.0"

[[package]]
name = "libra-governor-estimator"
version = "0.0.0"

[[package]]
name = "libra-governor-ledger"
version = "0.0.0"

[[package]]
name = "libra-governor-protocol"
version = "0.0.0"
